
Microsoft Visual Studio Solution File, Format Version 12.00
# Visual Studio Version 16
VisualStudioVersion = 16.0.31515.178
MinimumVisualStudioVersion = 10.0.40219.1
Project("{FAE04EC0-301F-11D3-BF4B-00C04F79EFBC}") = "MyLibrary", "MyLibrary\MyLibrary.csproj", "{0E41B802-53FE-4F69-8CFB-3CC88B9A6196}"
EndProject
Global
	GlobalSection(SolutionConfigurationPlatforms) = preSolution
		Debug|Any CPU = Debug|Any CPU
		Release|Any CPU = Release|Any CPU
	EndGlobalSection
	GlobalSection(ProjectConfigurationPlatforms) = postSolution
		{0E41B802-53FE-4F69-8CFB-3CC88B9A6196}.Debug|Any CPU.ActiveCfg = Debug|Any CPU
		{0E41B802-53FE-4F69-8CFB-3CC88B9A6196}.Debug|Any CPU.Build.0 = Debug|Any CPU
		{0E41B802-53FE-4F69-8CFB-3CC88B9A6196}.Release|Any CPU.ActiveCfg = Release|Any CPU
		{0E41B802-53FE-4F69-8CFB-3CC88B9A6196}.Release|Any CPU.Build.0 = Release|Any CPU
	EndGlobalSection
	GlobalSection(SolutionProperties) = preSolution
		HideSolutionNode = FALSE
	EndGlobalSection
	GlobalSection(ExtensibilityGlobals) = postSolution
		SolutionGuid = {F705DAAC-3006-475A-91CC-E3CC47E6A6D1}
	EndGlobalSection
EndGlobal
